
Microsoft Visual Studio Solution File, Format Version 12.00
# Visual Studio Version 17
VisualStudioVersion = 17.0.32002.185
MinimumVisualStudioVersion = 10.0.40219.1
Project("{8BC9CEB8-8B4A-11D0-8D11-00A0C91BC942}") = "顺序栈", "顺序栈\顺序栈.vcxproj", "{795FD5B3-3D98-43F7-A5E1-AD8CDAC455E4}"
EndProject
Global
	GlobalSection(SolutionConfigurationPlatforms) = preSolution
		Debug|x64 = Debug|x64
		Debug|x86 = Debug|x86
		Release|x64 = Release|x64
		Release|x86 = Release|x86
	EndGlobalSection
	GlobalSection(ProjectConfigurationPlatforms) = postSolution
		{795FD5B3-3D98-43F7-A5E1-AD8CDAC455E4}.Debug|x64.ActiveCfg = Debug|x64
		{795FD5B3-3D98-43F7-A5E1-AD8CDAC455E4}.Debug|x64.Build.0 = Debug|x64
		{795FD5B3-3D98-43F7-A5E1-AD8CDAC455E4}.Debug|x86.ActiveCfg = Debug|Win32
		{795FD5B3-3D98-43F7-A5E1-AD8CDAC455E4}.Debug|x86.Build.0 = Debug|Win32
		{795FD5B3-3D98-43F7-A5E1-AD8CDAC455E4}.Release|x64.ActiveCfg = Release|x64
		{795FD5B3-3D98-43F7-A5E1-AD8CDAC455E4}.Release|x64.Build.0 = Release|x64
		{795FD5B3-3D98-43F7-A5E1-AD8CDAC455E4}.Release|x86.ActiveCfg = Release|Win32
		{795FD5B3-3D98-43F7-A5E1-AD8CDAC455E4}.Release|x86.Build.0 = Release|Win32
	EndGlobalSection
	GlobalSection(SolutionProperties) = preSolution
		HideSolutionNode = FALSE
	EndGlobalSection
	GlobalSection(ExtensibilityGlobals) = postSolution
		SolutionGuid = {64B5319F-0461-4195-AF4B-A4B3F9ED91BF}
	EndGlobalSection
EndGlobal
